
Microsoft Visual Studio Solution File, Format Version 12.00
# Visual Studio Version 17
VisualStudioVersion = 17.7.34031.279
MinimumVisualStudioVersion = 10.0.40219.1
Project("{FAE04EC0-301F-11D3-BF4B-00C04F79EFBC}") = "PrimerProyectoGit", "PrimerProyectoGit\PrimerProyectoGit.csproj", "{35E8313E-0D8E-4643-9814-AEAC79D780DA}"
EndProject
Global
	GlobalSection(SolutionConfigurationPlatforms) = preSolution
		Debug|Any CPU = Debug|Any CPU
		Release|Any CPU = Release|Any CPU
	EndGlobalSection
	GlobalSection(ProjectConfigurationPlatforms) = postSolution
		{35E8313E-0D8E-4643-9814-AEAC79D780DA}.Debug|Any CPU.ActiveCfg = Debug|Any CPU
		{35E8313E-0D8E-4643-9814-AEAC79D780DA}.Debug|Any CPU.Build.0 = Debug|Any CPU
		{35E8313E-0D8E-4643-9814-AEAC79D780DA}.Release|Any CPU.ActiveCfg = Release|Any CPU
		{35E8313E-0D8E-4643-9814-AEAC79D780DA}.Release|Any CPU.Build.0 = Release|Any CPU
	EndGlobalSection
	GlobalSection(SolutionProperties) = preSolution
		HideSolutionNode = FALSE
	EndGlobalSection
	GlobalSection(ExtensibilityGlobals) = postSolution
		SolutionGuid = {225A3FF3-1561-4733-81F9-1AEBA25E7571}
	EndGlobalSection
EndGlobal
